{
  "name": "project-ex03",
  "version": "1.0.0",
  "lockfileVersion": 1,
  "requires": true,
  "dependencies": {
    "heeyomi-math": {
      "version": "1.0.0",
      "resolved": "https://registry.npmjs.org/heeyomi-math/-/heeyomi-math-1.0.0.tgz",
      "integrity": "sha512-FNl7w12j6jJzXFMJgO2AgWaPAMDMFtEpZWR6NfIn8lIfk5LEzV6VjxBYJ3+NiJumY0HWUh66cEif1pR/P1tX7g=="
    }
  }
}
